{
  "originHash" : "fdab9bdae848e2cb0f01180d94cf750cb69e6f9e799453eb9e3fe3108d13286f",
  "pins" : [
    {
      "identity" : "agentic",
      "kind" : "remoteSourceControl",
      "location" : "https://github.com/leviouwendijk/Agentic.git",
      "state" : {
        "branch" : "master",
        "revision" : "b8cb0d1746dc2e2a40d64a91dd6c84967be08dcd"
      }
    },
    {
      "identity" : "agenticexecution",
      "kind" : "remoteSourceControl",
      "location" : "https://github.com/leviouwendijk/AgenticExecution.git",
      "state" : {
        "branch" : "master",
        "revision" : "6a858bd5034b2d3913c2ce28f05e00e064037428"
      }
    },
    {
      "identity" : "agenticworkspace",
      "kind" : "remoteSourceControl",
      "location" : "https://github.com/leviouwendijk/AgenticWorkspace.git",
      "state" : {
        "branch" : "master",
        "revision" : "49fa47b13403ae7e9eb1653ac5e730f17c2ca1b3"
      }
    },
    {
      "identity" : "ansi",
      "kind" : "remoteSourceControl",
      "location" : "https://github.com/leviouwendijk/ANSI.git",
      "state" : {
        "branch" : "master",
        "revision" : "073d9ca7870b688a312608acf14eae6ba052c0d6"
      }
    },
    {
      "identity" : "difference",
      "kind" : "remoteSourceControl",
      "location" : "https://github.com/leviouwendijk/Difference.git",
      "state" : {
        "branch" : "master",
        "revision" : "cf346412c40419e9661d3627cde3bcebba03a090"
      }
    },
    {
      "identity" : "filetypes",
      "kind" : "remoteSourceControl",
      "location" : "https://github.com/leviouwendijk/FileTypes.git",
      "state" : {
        "branch" : "master",
        "revision" : "f0c1d8bf5beda0de51c9e95b687fbdec9e4ce7b0"
      }
    },
    {
      "identity" : "fuzzy",
      "kind" : "remoteSourceControl",
      "location" : "https://github.com/leviouwendijk/Fuzzy.git",
      "state" : {
        "branch" : "master",
        "revision" : "99b7d295446f9574161daa9bba60a0815df9b2ec"
      }
    },
    {
      "identity" : "guidelines",
      "kind" : "remoteSourceControl",
      "location" : "https://github.com/leviouwendijk/Guidelines.git",
      "state" : {
        "branch" : "master",
        "revision" : "a39e1130e31588a1f21dc24aeeb8fb0a1357c7f1"
      }
    },
    {
      "identity" : "io",
      "kind" : "remoteSourceControl",
      "location" : "https://github.com/leviouwendijk/IO.git",
      "state" : {
        "branch" : "master",
        "revision" : "cb8775249cb785f25ddee26caeae6c2db07eaa2e"
      }
    },
    {
      "identity" : "matching",
      "kind" : "remoteSourceControl",
      "location" : "https://github.com/leviouwendijk/Matching.git",
      "state" : {
        "branch" : "master",
        "revision" : "c18f9be3f8c8e05ca0645bb3de0ed1dad807a3a1"
      }
    },
    {
      "identity" : "methods",
      "kind" : "remoteSourceControl",
      "location" : "https://github.com/leviouwendijk/Methods.git",
      "state" : {
        "branch" : "master",
        "revision" : "62656c2e32b7889df68415464b67b440f7e7e464"
      }
    },
    {
      "identity" : "parsing",
      "kind" : "remoteSourceControl",
      "location" : "https://github.com/leviouwendijk/Parsing.git",
      "state" : {
        "branch" : "master",
        "revision" : "b415cec83b0499158df5d0faeb760a2d4943d236"
      }
    },
    {
      "identity" : "path",
      "kind" : "remoteSourceControl",
      "location" : "https://github.com/leviouwendijk/Path.git",
      "state" : {
        "branch" : "master",
        "revision" : "8f99bc23b206ce37b81dcedf86142e795932cb19"
      }
    },
    {
      "identity" : "position",
      "kind" : "remoteSourceControl",
      "location" : "https://github.com/leviouwendijk/Position.git",
      "state" : {
        "branch" : "master",
        "revision" : "c80214283130c1bd4fc1c54dd5f3c574e3e4986c"
      }
    },
    {
      "identity" : "primitives",
      "kind" : "remoteSourceControl",
      "location" : "https://github.com/leviouwendijk/Primitives.git",
      "state" : {
        "branch" : "master",
        "revision" : "685ba8ee4bc678c957502e7dde25c59d0c192d4a"
      }
    },
    {
      "identity" : "protocolcomponents",
      "kind" : "remoteSourceControl",
      "location" : "https://github.com/leviouwendijk/ProtocolComponents.git",
      "state" : {
        "branch" : "master",
        "revision" : "866ef7b22350aac41f455c5b2188f95f411a4507"
      }
    },
    {
      "identity" : "ranking",
      "kind" : "remoteSourceControl",
      "location" : "https://github.com/leviouwendijk/Ranking.git",
      "state" : {
        "branch" : "master",
        "revision" : "5180cfb8c8e0ff6ec6224b3430507cccd83995a4"
      }
    },
    {
      "identity" : "readers",
      "kind" : "remoteSourceControl",
      "location" : "https://github.com/leviouwendijk/Readers.git",
      "state" : {
        "branch" : "master",
        "revision" : "c47991874555ffd0b01ec504d3ba98afde0c1677"
      }
    },
    {
      "identity" : "schema",
      "kind" : "remoteSourceControl",
      "location" : "https://github.com/leviouwendijk/Schema.git",
      "state" : {
        "branch" : "master",
        "revision" : "4fb4eba584de6e6714790655d602b6daa3ae4a01"
      }
    },
    {
      "identity" : "search",
      "kind" : "remoteSourceControl",
      "location" : "https://github.com/leviouwendijk/Search.git",
      "state" : {
        "branch" : "master",
        "revision" : "f28bb982e8ace4d00cc3d055a8fef5db5b8a69e5"
      }
    },
    {
      "identity" : "selection",
      "kind" : "remoteSourceControl",
      "location" : "https://github.com/leviouwendijk/Selection.git",
      "state" : {
        "branch" : "master",
        "revision" : "3b30f85d1644cbe81f6eb11e4997cdfd122ba668"
      }
    },
    {
      "identity" : "strings",
      "kind" : "remoteSourceControl",
      "location" : "https://github.com/leviouwendijk/Strings",
      "state" : {
        "branch" : "master",
        "revision" : "86a939d7bbb3e25808f88fbcedcee4069a5a5ae1"
      }
    },
    {
      "identity" : "swift-syntax",
      "kind" : "remoteSourceControl",
      "location" : "https://github.com/swiftlang/swift-syntax.git",
      "state" : {
        "revision" : "79e4b74a295b6eb74a8b585e3a39d29e70c1dbd1",
        "version" : "603.0.2"
      }
    },
    {
      "identity" : "terminal",
      "kind" : "remoteSourceControl",
      "location" : "https://github.com/leviouwendijk/Terminal.git",
      "state" : {
        "branch" : "master",
        "revision" : "e06373d224cae5570a4ef42dddb281ea3d33ec2d"
      }
    },
    {
      "identity" : "testflows",
      "kind" : "remoteSourceControl",
      "location" : "https://github.com/leviouwendijk/TestFlows.git",
      "state" : {
        "branch" : "master",
        "revision" : "ef72deb44f924372959189d0c258c5cf7e2ba8ae"
      }
    },
    {
      "identity" : "tokens",
      "kind" : "remoteSourceControl",
      "location" : "https://github.com/leviouwendijk/Tokens.git",
      "state" : {
        "branch" : "master",
        "revision" : "4e6c16afcaa81606fa7b2dcd80f9a25965403687"
      }
    }
  ],
  "version" : 3
}
